  - platform: mqtt
    name: Front Lock
    state_topic: "smartthings/Front Lock/lock/state"
    command_topic: "smartthings/Front Lock/lock/set"
    payload_lock: "locked"
    payload_unlock: "unlocked"
    retain: true
  - platform: mqtt
    name: Garage Lock
    state_topic: "smartthings/Garage Entry Lock/lock/state"
    command_topic: "smartthings/Garage Entry Lock/lock/set"
    payload_lock: "locked"
    payload_unlock: "unlocked"
    retain: true